
Microsoft Visual Studio Solution File, Format Version 12.00
# Visual Studio Version 17
VisualStudioVersion = 17.6.33717.318
MinimumVisualStudioVersion = 10.0.40219.1
Project("{FAE04EC0-301F-11D3-BF4B-00C04F79EFBC}") = "Unlock Selector", "Unlock Selector\Unlock Selector.csproj", "{313F1EB2-C94A-4F19-B4BC-C7852AFF2011}"
EndProject
Project("{FAE04EC0-301F-11D3-BF4B-00C04F79EFBC}") = "Global stuff", "Global stuff\Global stuff.csproj", "{A713344B-FF08-405C-84AE-684D1F545830}"
EndProject
Project("{FAE04EC0-301F-11D3-BF4B-00C04F79EFBC}") = "VFX Tests", "VFX Tests\VFX Tests.csproj", "{8C2B7A99-A8CE-4157-8ABA-32209DBEE298}"
	ProjectSection(ProjectDependencies) = postProject
		{C132F337-E253-42C9-806F-9E33140A48CD} = {C132F337-E253-42C9-806F-9E33140A48CD}
		{A713344B-FF08-405C-84AE-684D1F545830} = {A713344B-FF08-405C-84AE-684D1F545830}
	EndProjectSection
EndProject
Project("{FAE04EC0-301F-11D3-BF4B-00C04F79EFBC}") = "_Random WF Stuff dont upload", "Random WF Stuff dont upload\_Random WF Stuff dont upload.csproj", "{C6B46543-7510-475E-B9B9-472C45A991FE}"
EndProject
Project("{FAE04EC0-301F-11D3-BF4B-00C04F79EFBC}") = "Hopeful QOLs", "Hopeful QOLs\Hopeful QOLs.csproj", "{3EAC964F-EBD8-4215-ABA2-6909D3A192E0}"
EndProject
Project("{FAE04EC0-301F-11D3-BF4B-00C04F79EFBC}") = "EnemyCompanions", "EnemyCompanions\EnemyCompanions.csproj", "{141D596C-475E-4446-A90D-A1DF1D426764}"
EndProject
Project("{FAE04EC0-301F-11D3-BF4B-00C04F79EFBC}") = "Config Manager", "Config Manager\Config Manager.csproj", "{1A239E53-C76C-4A88-AE49-AE23E19CB8BE}"
EndProject
Project("{FAE04EC0-301F-11D3-BF4B-00C04F79EFBC}") = "Effect Randomiser", "Effect Randomiser\Effect Randomiser.csproj", "{9A9EA24D-2FA7-4EFC-9F98-4EBFE601CC20}"
EndProject
Project("{FAE04EC0-301F-11D3-BF4B-00C04F79EFBC}") = "_Suppress Harmony Logs & Enable Offline", "_Suppress Harmony Logs\_Suppress Harmony Logs & Enable Offline.csproj", "{AC86704C-A556-4D4E-AED7-4E18D50C48FC}"
EndProject
Project("{2150E333-8FDC-42A3-9474-1A3956D46DE8}") = "Super WIP", "Super WIP", "{02C18426-CFD4-4758-8809-2E68A2CBA851}"
EndProject
Project("{2150E333-8FDC-42A3-9474-1A3956D46DE8}") = "Finished", "Finished", "{3FF9C610-2C6F-468C-82C5-181D653D52BE}"
EndProject
Project("{FAE04EC0-301F-11D3-BF4B-00C04F79EFBC}") = "_WildfrostHopeMod.Utils", "WildfrostHopeMod.Utils\_WildfrostHopeMod.Utils.csproj", "{C132F337-E253-42C9-806F-9E33140A48CD}"
EndProject
Project("{FAE04EC0-301F-11D3-BF4B-00C04F79EFBC}") = "_temp", "_temp\_temp.csproj", "{286A591B-87C7-49AD-9B0B-9059E603F18C}"
EndProject
Project("{FAE04EC0-301F-11D3-BF4B-00C04F79EFBC}") = "Gay Noomlin", "Gay Noomlin\Gay Noomlin.csproj", "{D2945F56-DE24-46E8-839C-A6475695BAA1}"
EndProject
Project("{FAE04EC0-301F-11D3-BF4B-00C04F79EFBC}") = "Event Test", "Event Test\Event Test.csproj", "{A7B5677B-40F4-42E6-8BB7-FDEBA91AED7D}"
	ProjectSection(ProjectDependencies) = postProject
		{A713344B-FF08-405C-84AE-684D1F545830} = {A713344B-FF08-405C-84AE-684D1F545830}
		{8C2B7A99-A8CE-4157-8ABA-32209DBEE298} = {8C2B7A99-A8CE-4157-8ABA-32209DBEE298}
	EndProjectSection
EndProject
Project("{FAE04EC0-301F-11D3-BF4B-00C04F79EFBC}") = "More Paths", "More Paths\More Paths.csproj", "{3AA64B3B-9EFE-47AB-8F30-C77E5A88EB79}"
EndProject
Project("{2150E333-8FDC-42A3-9474-1A3956D46DE8}") = "Temporarily Finished", "Temporarily Finished", "{D7C642C5-5CA5-49BB-A0CB-0D86D62F9F6A}"
EndProject
Project("{FAE04EC0-301F-11D3-BF4B-00C04F79EFBC}") = "Blightfrost", "Blightfrost\Blightfrost.csproj", "{C91DD076-6C8F-4ACC-A98C-87B7B55F546B}"
EndProject
Project("{FAE04EC0-301F-11D3-BF4B-00C04F79EFBC}") = "BPX Console", "BPX Console\BPX Console.csproj", "{154BC9DE-1621-4D77-8869-B6F579C7A74B}"
EndProject
Project("{FAE04EC0-301F-11D3-BF4B-00C04F79EFBC}") = "ACHIEVEMENT_16", "ACHIEVEMENT_16\ACHIEVEMENT_16.csproj", "{AD8E0D16-AACB-4080-A801-E25E665CEF29}"
EndProject
Project("{FAE04EC0-301F-11D3-BF4B-00C04F79EFBC}") = "Fashion Leaders", "Fashion Leaders\Fashion Leaders.csproj", "{0AE6DBA3-E303-4341-9369-18DDA5E28E0F}"
EndProject
Project("{FAE04EC0-301F-11D3-BF4B-00C04F79EFBC}") = "Pimeno", "Pimeno\Pimeno.csproj", "{455779E0-572E-439F-AAD9-9EF230A098AC}"
EndProject
Project("{FAE04EC0-301F-11D3-BF4B-00C04F79EFBC}") = "Campaign Analyzer fixer", "Campaign Analyzer fixer\Campaign Analyzer fixer.csproj", "{C70AB5EA-1337-4B9F-AD91-D5BE0B486C57}"
EndProject
Project("{FAE04EC0-301F-11D3-BF4B-00C04F79EFBC}") = "Save Profiles", "Save Profiles\Save Profiles.csproj", "{E6D6A418-9105-46D9-8DC4-86C8CDF57855}"
EndProject
Project("{FAE04EC0-301F-11D3-BF4B-00C04F79EFBC}") = "Localization UWU", "Localization UWU\Localization UWU.csproj", "{9EEAC61B-233C-41BB-B3C4-25E9B5A461D0}"
EndProject
Project("{FAE04EC0-301F-11D3-BF4B-00C04F79EFBC}") = "WildfrostHopeMod.Furigana", "WildfrostHopeMod.Furigana\WildfrostHopeMod.Furigana.csproj", "{CDB48C7D-89E7-4125-8E54-97F64F688B5A}"
EndProject
Project("{FAE04EC0-301F-11D3-BF4B-00C04F79EFBC}") = "Mod Uploader", "WildfrostHopeMod.ModUploader\Mod Uploader.csproj", "{B7DE6B32-0E3F-48B0-AE52-352DDAC665C1}"
EndProject
Project("{FAE04EC0-301F-11D3-BF4B-00C04F79EFBC}") = "Keyboard Support", "WildfrostHopeMod.KeyboardSupport\Keyboard Support.csproj", "{E1BE412B-D71C-49AF-A58A-781567611F87}"
EndProject
Project("{FAE04EC0-301F-11D3-BF4B-00C04F79EFBC}") = "WildfrostFileBrowser", "WildfrostFileBrowser\WildfrostFileBrowser.csproj", "{3D7EF572-EFD2-4A04-B1FA-2A13FE0DF4FB}"
EndProject
Project("{FAE04EC0-301F-11D3-BF4B-00C04F79EFBC}") = "ConsoleExtensions", "WildfrostHopeMod.ConsoleExtensions\ConsoleExtensions.csproj", "{4F977AD2-14A5-4F71-92A0-A35A9D8DEE7A}"
EndProject
Project("{FAE04EC0-301F-11D3-BF4B-00C04F79EFBC}") = "MinibossIntro", "WildfrostHopeMod.MinibossIntro\MinibossIntro.csproj", "{CD60FB17-FCB1-4007-A472-600CCF146137}"
EndProject
Project("{FAE04EC0-301F-11D3-BF4B-00C04F79EFBC}") = "Mod1", "Mod1\Mod1.csproj", "{D1937E96-972D-44D8-9C70-60E77818D128}"
EndProject
Project("{FAE04EC0-301F-11D3-BF4B-00C04F79EFBC}") = "MapleFrost", "MapleFrost\MapleFrost.csproj", "{D96309DA-B7A6-447F-8C2E-49455A81C5D2}"
EndProject
Project("{FAE04EC0-301F-11D3-BF4B-00C04F79EFBC}") = "CardOrganizer viewer", "CardOrganizer viewer\CardOrganizer viewer.csproj", "{99C34B58-04B6-4B08-8F23-9CF176918400}"
EndProject
Project("{FAE04EC0-301F-11D3-BF4B-00C04F79EFBC}") = "Bugfixes", "Bugfixes\Bugfixes.csproj", "{D5165C68-120B-41A3-B2A6-FC8F3043454C}"
EndProject
Project("{FAE04EC0-301F-11D3-BF4B-00C04F79EFBC}") = "Everyone Grows", "Everyone Grows\Everyone Grows.csproj", "{73D8EAC2-D328-4AAF-AB58-E4D53E985591}"
EndProject
Project("{FAE04EC0-301F-11D3-BF4B-00C04F79EFBC}") = "BerryWheel", "BerryWheel\BerryWheel.csproj", "{862235AA-5B86-4CEA-9FDE-71A7B8CE027E}"
EndProject
Project("{FAE04EC0-301F-11D3-BF4B-00C04F79EFBC}") = "Demo Console", "Demo Console\Demo Console.csproj", "{85463B8A-BC95-42D4-A4E8-1A65C89EB1C8}"
EndProject
Project("{FAE04EC0-301F-11D3-BF4B-00C04F79EFBC}") = "ExtendedUI", "ExtendedUI\ExtendedUI.csproj", "{4FE54830-C236-45BF-A49D-820DD8F57E9F}"
EndProject
Project("{FAE04EC0-301F-11D3-BF4B-00C04F79EFBC}") = "Database", "Database\Database.csproj", "{653BD680-F0EB-4796-BEFA-B54C2FB2CC5E}"
EndProject
Project("{FAE04EC0-301F-11D3-BF4B-00C04F79EFBC}") = "Novafrost", "Novafrost\Novafrost.csproj", "{52269595-F995-45E4-AA5C-B13E671AA050}"
EndProject
Project("{2150E333-8FDC-42A3-9474-1A3956D46DE8}") = "Dropped", "Dropped", "{BF609E94-61F9-44CE-83BD-551AFECA6CAE}"
EndProject
Project("{FAE04EC0-301F-11D3-BF4B-00C04F79EFBC}") = "Commands Console", "Commands Console\Commands Console.csproj", "{62645B73-93A6-463D-8837-B690E29D872B}"
EndProject
Global
	GlobalSection(SolutionConfigurationPlatforms) = preSolution
		Debug|Any CPU = Debug|Any CPU
		Release|Any CPU = Release|Any CPU
	EndGlobalSection
	GlobalSection(ProjectConfigurationPlatforms) = postSolution
		{313F1EB2-C94A-4F19-B4BC-C7852AFF2011}.Debug|Any CPU.ActiveCfg = Debug|Any CPU
		{313F1EB2-C94A-4F19-B4BC-C7852AFF2011}.Debug|Any CPU.Build.0 = Debug|Any CPU
		{313F1EB2-C94A-4F19-B4BC-C7852AFF2011}.Release|Any CPU.ActiveCfg = Release|Any CPU
		{313F1EB2-C94A-4F19-B4BC-C7852AFF2011}.Release|Any CPU.Build.0 = Release|Any CPU
		{A713344B-FF08-405C-84AE-684D1F545830}.Debug|Any CPU.ActiveCfg = Debug|Any CPU
		{A713344B-FF08-405C-84AE-684D1F545830}.Debug|Any CPU.Build.0 = Debug|Any CPU
		{A713344B-FF08-405C-84AE-684D1F545830}.Release|Any CPU.ActiveCfg = Release|Any CPU
		{A713344B-FF08-405C-84AE-684D1F545830}.Release|Any CPU.Build.0 = Release|Any CPU
		{8C2B7A99-A8CE-4157-8ABA-32209DBEE298}.Debug|Any CPU.ActiveCfg = Debug|Any CPU
		{8C2B7A99-A8CE-4157-8ABA-32209DBEE298}.Debug|Any CPU.Build.0 = Debug|Any CPU
		{8C2B7A99-A8CE-4157-8ABA-32209DBEE298}.Release|Any CPU.ActiveCfg = Release|Any CPU
		{8C2B7A99-A8CE-4157-8ABA-32209DBEE298}.Release|Any CPU.Build.0 = Release|Any CPU
		{C6B46543-7510-475E-B9B9-472C45A991FE}.Debug|Any CPU.ActiveCfg = Debug|Any CPU
		{C6B46543-7510-475E-B9B9-472C45A991FE}.Debug|Any CPU.Build.0 = Debug|Any CPU
		{C6B46543-7510-475E-B9B9-472C45A991FE}.Release|Any CPU.ActiveCfg = Release|Any CPU
		{C6B46543-7510-475E-B9B9-472C45A991FE}.Release|Any CPU.Build.0 = Release|Any CPU
		{3EAC964F-EBD8-4215-ABA2-6909D3A192E0}.Debug|Any CPU.ActiveCfg = Debug|Any CPU
		{3EAC964F-EBD8-4215-ABA2-6909D3A192E0}.Debug|Any CPU.Build.0 = Debug|Any CPU
		{3EAC964F-EBD8-4215-ABA2-6909D3A192E0}.Release|Any CPU.ActiveCfg = Release|Any CPU
		{3EAC964F-EBD8-4215-ABA2-6909D3A192E0}.Release|Any CPU.Build.0 = Release|Any CPU
		{141D596C-475E-4446-A90D-A1DF1D426764}.Debug|Any CPU.ActiveCfg = Debug|Any CPU
		{141D596C-475E-4446-A90D-A1DF1D426764}.Debug|Any CPU.Build.0 = Debug|Any CPU
		{141D596C-475E-4446-A90D-A1DF1D426764}.Release|Any CPU.ActiveCfg = Release|Any CPU
		{141D596C-475E-4446-A90D-A1DF1D426764}.Release|Any CPU.Build.0 = Release|Any CPU
		{1A239E53-C76C-4A88-AE49-AE23E19CB8BE}.Debug|Any CPU.ActiveCfg = Debug|Any CPU
		{1A239E53-C76C-4A88-AE49-AE23E19CB8BE}.Debug|Any CPU.Build.0 = Debug|Any CPU
		{1A239E53-C76C-4A88-AE49-AE23E19CB8BE}.Release|Any CPU.ActiveCfg = Release|Any CPU
		{1A239E53-C76C-4A88-AE49-AE23E19CB8BE}.Release|Any CPU.Build.0 = Release|Any CPU
		{9A9EA24D-2FA7-4EFC-9F98-4EBFE601CC20}.Debug|Any CPU.ActiveCfg = Debug|Any CPU
		{9A9EA24D-2FA7-4EFC-9F98-4EBFE601CC20}.Debug|Any CPU.Build.0 = Debug|Any CPU
		{9A9EA24D-2FA7-4EFC-9F98-4EBFE601CC20}.Release|Any CPU.ActiveCfg = Release|Any CPU
		{9A9EA24D-2FA7-4EFC-9F98-4EBFE601CC20}.Release|Any CPU.Build.0 = Release|Any CPU
		{AC86704C-A556-4D4E-AED7-4E18D50C48FC}.Debug|Any CPU.ActiveCfg = Debug|Any CPU
		{AC86704C-A556-4D4E-AED7-4E18D50C48FC}.Debug|Any CPU.Build.0 = Debug|Any CPU
		{AC86704C-A556-4D4E-AED7-4E18D50C48FC}.Release|Any CPU.ActiveCfg = Release|Any CPU
		{AC86704C-A556-4D4E-AED7-4E18D50C48FC}.Release|Any CPU.Build.0 = Release|Any CPU
		{C132F337-E253-42C9-806F-9E33140A48CD}.Debug|Any CPU.ActiveCfg = Debug|Any CPU
		{C132F337-E253-42C9-806F-9E33140A48CD}.Debug|Any CPU.Build.0 = Debug|Any CPU
		{C132F337-E253-42C9-806F-9E33140A48CD}.Release|Any CPU.ActiveCfg = Release|Any CPU
		{C132F337-E253-42C9-806F-9E33140A48CD}.Release|Any CPU.Build.0 = Release|Any CPU
		{286A591B-87C7-49AD-9B0B-9059E603F18C}.Debug|Any CPU.ActiveCfg = Debug|Any CPU
		{286A591B-87C7-49AD-9B0B-9059E603F18C}.Debug|Any CPU.Build.0 = Debug|Any CPU
		{286A591B-87C7-49AD-9B0B-9059E603F18C}.Release|Any CPU.ActiveCfg = Release|Any CPU
		{286A591B-87C7-49AD-9B0B-9059E603F18C}.Release|Any CPU.Build.0 = Release|Any CPU
		{D2945F56-DE24-46E8-839C-A6475695BAA1}.Debug|Any CPU.ActiveCfg = Debug|Any CPU
		{D2945F56-DE24-46E8-839C-A6475695BAA1}.Debug|Any CPU.Build.0 = Debug|Any CPU
		{D2945F56-DE24-46E8-839C-A6475695BAA1}.Release|Any CPU.ActiveCfg = Release|Any CPU
		{D2945F56-DE24-46E8-839C-A6475695BAA1}.Release|Any CPU.Build.0 = Release|Any CPU
		{A7B5677B-40F4-42E6-8BB7-FDEBA91AED7D}.Debug|Any CPU.ActiveCfg = Debug|Any CPU
		{A7B5677B-40F4-42E6-8BB7-FDEBA91AED7D}.Debug|Any CPU.Build.0 = Debug|Any CPU
		{A7B5677B-40F4-42E6-8BB7-FDEBA91AED7D}.Release|Any CPU.ActiveCfg = Release|Any CPU
		{A7B5677B-40F4-42E6-8BB7-FDEBA91AED7D}.Release|Any CPU.Build.0 = Release|Any CPU
		{3AA64B3B-9EFE-47AB-8F30-C77E5A88EB79}.Debug|Any CPU.ActiveCfg = Debug|Any CPU
		{3AA64B3B-9EFE-47AB-8F30-C77E5A88EB79}.Debug|Any CPU.Build.0 = Debug|Any CPU
		{3AA64B3B-9EFE-47AB-8F30-C77E5A88EB79}.Release|Any CPU.ActiveCfg = Release|Any CPU
		{3AA64B3B-9EFE-47AB-8F30-C77E5A88EB79}.Release|Any CPU.Build.0 = Release|Any CPU
		{C91DD076-6C8F-4ACC-A98C-87B7B55F546B}.Debug|Any CPU.ActiveCfg = Debug|Any CPU
		{C91DD076-6C8F-4ACC-A98C-87B7B55F546B}.Debug|Any CPU.Build.0 = Debug|Any CPU
		{C91DD076-6C8F-4ACC-A98C-87B7B55F546B}.Release|Any CPU.ActiveCfg = Release|Any CPU
		{C91DD076-6C8F-4ACC-A98C-87B7B55F546B}.Release|Any CPU.Build.0 = Release|Any CPU
		{154BC9DE-1621-4D77-8869-B6F579C7A74B}.Debug|Any CPU.ActiveCfg = Debug|Any CPU
		{154BC9DE-1621-4D77-8869-B6F579C7A74B}.Debug|Any CPU.Build.0 = Debug|Any CPU
		{154BC9DE-1621-4D77-8869-B6F579C7A74B}.Release|Any CPU.ActiveCfg = Release|Any CPU
		{154BC9DE-1621-4D77-8869-B6F579C7A74B}.Release|Any CPU.Build.0 = Release|Any CPU
		{AD8E0D16-AACB-4080-A801-E25E665CEF29}.Debug|Any CPU.ActiveCfg = Debug|Any CPU
		{AD8E0D16-AACB-4080-A801-E25E665CEF29}.Debug|Any CPU.Build.0 = Debug|Any CPU
		{AD8E0D16-AACB-4080-A801-E25E665CEF29}.Release|Any CPU.ActiveCfg = Release|Any CPU
		{AD8E0D16-AACB-4080-A801-E25E665CEF29}.Release|Any CPU.Build.0 = Release|Any CPU
		{0AE6DBA3-E303-4341-9369-18DDA5E28E0F}.Debug|Any CPU.ActiveCfg = Debug|Any CPU
		{0AE6DBA3-E303-4341-9369-18DDA5E28E0F}.Debug|Any CPU.Build.0 = Debug|Any CPU
		{0AE6DBA3-E303-4341-9369-18DDA5E28E0F}.Release|Any CPU.ActiveCfg = Release|Any CPU
		{0AE6DBA3-E303-4341-9369-18DDA5E28E0F}.Release|Any CPU.Build.0 = Release|Any CPU
		{455779E0-572E-439F-AAD9-9EF230A098AC}.Debug|Any CPU.ActiveCfg = Debug|Any CPU
		{455779E0-572E-439F-AAD9-9EF230A098AC}.Debug|Any CPU.Build.0 = Debug|Any CPU
		{455779E0-572E-439F-AAD9-9EF230A098AC}.Release|Any CPU.ActiveCfg = Release|Any CPU
		{455779E0-572E-439F-AAD9-9EF230A098AC}.Release|Any CPU.Build.0 = Release|Any CPU
		{C70AB5EA-1337-4B9F-AD91-D5BE0B486C57}.Debug|Any CPU.ActiveCfg = Debug|Any CPU
		{C70AB5EA-1337-4B9F-AD91-D5BE0B486C57}.Debug|Any CPU.Build.0 = Debug|Any CPU
		{C70AB5EA-1337-4B9F-AD91-D5BE0B486C57}.Release|Any CPU.ActiveCfg = Release|Any CPU
		{C70AB5EA-1337-4B9F-AD91-D5BE0B486C57}.Release|Any CPU.Build.0 = Release|Any CPU
		{E6D6A418-9105-46D9-8DC4-86C8CDF57855}.Debug|Any CPU.ActiveCfg = Debug|Any CPU
		{E6D6A418-9105-46D9-8DC4-86C8CDF57855}.Debug|Any CPU.Build.0 = Debug|Any CPU
		{E6D6A418-9105-46D9-8DC4-86C8CDF57855}.Release|Any CPU.ActiveCfg = Release|Any CPU
		{E6D6A418-9105-46D9-8DC4-86C8CDF57855}.Release|Any CPU.Build.0 = Release|Any CPU
		{9EEAC61B-233C-41BB-B3C4-25E9B5A461D0}.Debug|Any CPU.ActiveCfg = Debug|Any CPU
		{9EEAC61B-233C-41BB-B3C4-25E9B5A461D0}.Debug|Any CPU.Build.0 = Debug|Any CPU
		{9EEAC61B-233C-41BB-B3C4-25E9B5A461D0}.Release|Any CPU.ActiveCfg = Release|Any CPU
		{9EEAC61B-233C-41BB-B3C4-25E9B5A461D0}.Release|Any CPU.Build.0 = Release|Any CPU
		{CDB48C7D-89E7-4125-8E54-97F64F688B5A}.Debug|Any CPU.ActiveCfg = Debug|Any CPU
		{CDB48C7D-89E7-4125-8E54-97F64F688B5A}.Debug|Any CPU.Build.0 = Debug|Any CPU
		{CDB48C7D-89E7-4125-8E54-97F64F688B5A}.Release|Any CPU.ActiveCfg = Release|Any CPU
		{CDB48C7D-89E7-4125-8E54-97F64F688B5A}.Release|Any CPU.Build.0 = Release|Any CPU
		{B7DE6B32-0E3F-48B0-AE52-352DDAC665C1}.Debug|Any CPU.ActiveCfg = Debug|Any CPU
		{B7DE6B32-0E3F-48B0-AE52-352DDAC665C1}.Debug|Any CPU.Build.0 = Debug|Any CPU
		{B7DE6B32-0E3F-48B0-AE52-352DDAC665C1}.Release|Any CPU.ActiveCfg = Release|Any CPU
		{B7DE6B32-0E3F-48B0-AE52-352DDAC665C1}.Release|Any CPU.Build.0 = Release|Any CPU
		{E1BE412B-D71C-49AF-A58A-781567611F87}.Debug|Any CPU.ActiveCfg = Debug|Any CPU
		{E1BE412B-D71C-49AF-A58A-781567611F87}.Debug|Any CPU.Build.0 = Debug|Any CPU
		{E1BE412B-D71C-49AF-A58A-781567611F87}.Release|Any CPU.ActiveCfg = Release|Any CPU
		{E1BE412B-D71C-49AF-A58A-781567611F87}.Release|Any CPU.Build.0 = Release|Any CPU
		{3D7EF572-EFD2-4A04-B1FA-2A13FE0DF4FB}.Debug|Any CPU.ActiveCfg = Debug|Any CPU
		{3D7EF572-EFD2-4A04-B1FA-2A13FE0DF4FB}.Debug|Any CPU.Build.0 = Debug|Any CPU
		{3D7EF572-EFD2-4A04-B1FA-2A13FE0DF4FB}.Release|Any CPU.ActiveCfg = Release|Any CPU
		{3D7EF572-EFD2-4A04-B1FA-2A13FE0DF4FB}.Release|Any CPU.Build.0 = Release|Any CPU
		{4F977AD2-14A5-4F71-92A0-A35A9D8DEE7A}.Debug|Any CPU.ActiveCfg = Debug|Any CPU
		{4F977AD2-14A5-4F71-92A0-A35A9D8DEE7A}.Debug|Any CPU.Build.0 = Debug|Any CPU
		{4F977AD2-14A5-4F71-92A0-A35A9D8DEE7A}.Release|Any CPU.ActiveCfg = Release|Any CPU
		{4F977AD2-14A5-4F71-92A0-A35A9D8DEE7A}.Release|Any CPU.Build.0 = Release|Any CPU
		{CD60FB17-FCB1-4007-A472-600CCF146137}.Debug|Any CPU.ActiveCfg = Debug|Any CPU
		{CD60FB17-FCB1-4007-A472-600CCF146137}.Debug|Any CPU.Build.0 = Debug|Any CPU
		{CD60FB17-FCB1-4007-A472-600CCF146137}.Release|Any CPU.ActiveCfg = Release|Any CPU
		{CD60FB17-FCB1-4007-A472-600CCF146137}.Release|Any CPU.Build.0 = Release|Any CPU
		{D1937E96-972D-44D8-9C70-60E77818D128}.Debug|Any CPU.ActiveCfg = Debug|Any CPU
		{D1937E96-972D-44D8-9C70-60E77818D128}.Debug|Any CPU.Build.0 = Debug|Any CPU
		{D1937E96-972D-44D8-9C70-60E77818D128}.Release|Any CPU.ActiveCfg = Release|Any CPU
		{D1937E96-972D-44D8-9C70-60E77818D128}.Release|Any CPU.Build.0 = Release|Any CPU
		{D96309DA-B7A6-447F-8C2E-49455A81C5D2}.Debug|Any CPU.ActiveCfg = Debug|Any CPU
		{D96309DA-B7A6-447F-8C2E-49455A81C5D2}.Debug|Any CPU.Build.0 = Debug|Any CPU
		{D96309DA-B7A6-447F-8C2E-49455A81C5D2}.Release|Any CPU.ActiveCfg = Release|Any CPU
		{D96309DA-B7A6-447F-8C2E-49455A81C5D2}.Release|Any CPU.Build.0 = Release|Any CPU
		{99C34B58-04B6-4B08-8F23-9CF176918400}.Debug|Any CPU.ActiveCfg = Debug|Any CPU
		{99C34B58-04B6-4B08-8F23-9CF176918400}.Debug|Any CPU.Build.0 = Debug|Any CPU
		{99C34B58-04B6-4B08-8F23-9CF176918400}.Release|Any CPU.ActiveCfg = Release|Any CPU
		{99C34B58-04B6-4B08-8F23-9CF176918400}.Release|Any CPU.Build.0 = Release|Any CPU
		{D5165C68-120B-41A3-B2A6-FC8F3043454C}.Debug|Any CPU.ActiveCfg = Debug|Any CPU
		{D5165C68-120B-41A3-B2A6-FC8F3043454C}.Debug|Any CPU.Build.0 = Debug|Any CPU
		{D5165C68-120B-41A3-B2A6-FC8F3043454C}.Release|Any CPU.ActiveCfg = Release|Any CPU
		{D5165C68-120B-41A3-B2A6-FC8F3043454C}.Release|Any CPU.Build.0 = Release|Any CPU
		{73D8EAC2-D328-4AAF-AB58-E4D53E985591}.Debug|Any CPU.ActiveCfg = Debug|Any CPU
		{73D8EAC2-D328-4AAF-AB58-E4D53E985591}.Debug|Any CPU.Build.0 = Debug|Any CPU
		{73D8EAC2-D328-4AAF-AB58-E4D53E985591}.Release|Any CPU.ActiveCfg = Release|Any CPU
		{73D8EAC2-D328-4AAF-AB58-E4D53E985591}.Release|Any CPU.Build.0 = Release|Any CPU
		{862235AA-5B86-4CEA-9FDE-71A7B8CE027E}.Debug|Any CPU.ActiveCfg = Debug|Any CPU
		{862235AA-5B86-4CEA-9FDE-71A7B8CE027E}.Debug|Any CPU.Build.0 = Debug|Any CPU
		{862235AA-5B86-4CEA-9FDE-71A7B8CE027E}.Release|Any CPU.ActiveCfg = Release|Any CPU
		{862235AA-5B86-4CEA-9FDE-71A7B8CE027E}.Release|Any CPU.Build.0 = Release|Any CPU
		{85463B8A-BC95-42D4-A4E8-1A65C89EB1C8}.Debug|Any CPU.ActiveCfg = Debug|Any CPU
		{85463B8A-BC95-42D4-A4E8-1A65C89EB1C8}.Debug|Any CPU.Build.0 = Debug|Any CPU
		{85463B8A-BC95-42D4-A4E8-1A65C89EB1C8}.Release|Any CPU.ActiveCfg = Release|Any CPU
		{85463B8A-BC95-42D4-A4E8-1A65C89EB1C8}.Release|Any CPU.Build.0 = Release|Any CPU
		{4FE54830-C236-45BF-A49D-820DD8F57E9F}.Debug|Any CPU.ActiveCfg = Debug|Any CPU
		{4FE54830-C236-45BF-A49D-820DD8F57E9F}.Debug|Any CPU.Build.0 = Debug|Any CPU
		{4FE54830-C236-45BF-A49D-820DD8F57E9F}.Release|Any CPU.ActiveCfg = Release|Any CPU
		{4FE54830-C236-45BF-A49D-820DD8F57E9F}.Release|Any CPU.Build.0 = Release|Any CPU
		{653BD680-F0EB-4796-BEFA-B54C2FB2CC5E}.Debug|Any CPU.ActiveCfg = Debug|Any CPU
		{653BD680-F0EB-4796-BEFA-B54C2FB2CC5E}.Debug|Any CPU.Build.0 = Debug|Any CPU
		{653BD680-F0EB-4796-BEFA-B54C2FB2CC5E}.Release|Any CPU.ActiveCfg = Release|Any CPU
		{653BD680-F0EB-4796-BEFA-B54C2FB2CC5E}.Release|Any CPU.Build.0 = Release|Any CPU
		{52269595-F995-45E4-AA5C-B13E671AA050}.Debug|Any CPU.ActiveCfg = Debug|Any CPU
		{52269595-F995-45E4-AA5C-B13E671AA050}.Debug|Any CPU.Build.0 = Debug|Any CPU
		{52269595-F995-45E4-AA5C-B13E671AA050}.Release|Any CPU.ActiveCfg = Release|Any CPU
		{52269595-F995-45E4-AA5C-B13E671AA050}.Release|Any CPU.Build.0 = Release|Any CPU
		{62645B73-93A6-463D-8837-B690E29D872B}.Debug|Any CPU.ActiveCfg = Debug|Any CPU
		{62645B73-93A6-463D-8837-B690E29D872B}.Debug|Any CPU.Build.0 = Debug|Any CPU
		{62645B73-93A6-463D-8837-B690E29D872B}.Release|Any CPU.ActiveCfg = Release|Any CPU
		{62645B73-93A6-463D-8837-B690E29D872B}.Release|Any CPU.Build.0 = Release|Any CPU
	EndGlobalSection
	GlobalSection(SolutionProperties) = preSolution
		HideSolutionNode = FALSE
	EndGlobalSection
	GlobalSection(NestedProjects) = preSolution
		{313F1EB2-C94A-4F19-B4BC-C7852AFF2011} = {3FF9C610-2C6F-468C-82C5-181D653D52BE}
		{A713344B-FF08-405C-84AE-684D1F545830} = {3FF9C610-2C6F-468C-82C5-181D653D52BE}
		{8C2B7A99-A8CE-4157-8ABA-32209DBEE298} = {3FF9C610-2C6F-468C-82C5-181D653D52BE}
		{3EAC964F-EBD8-4215-ABA2-6909D3A192E0} = {3FF9C610-2C6F-468C-82C5-181D653D52BE}
		{141D596C-475E-4446-A90D-A1DF1D426764} = {3FF9C610-2C6F-468C-82C5-181D653D52BE}
		{1A239E53-C76C-4A88-AE49-AE23E19CB8BE} = {3FF9C610-2C6F-468C-82C5-181D653D52BE}
		{9A9EA24D-2FA7-4EFC-9F98-4EBFE601CC20} = {BF609E94-61F9-44CE-83BD-551AFECA6CAE}
		{AC86704C-A556-4D4E-AED7-4E18D50C48FC} = {3FF9C610-2C6F-468C-82C5-181D653D52BE}
		{C132F337-E253-42C9-806F-9E33140A48CD} = {3FF9C610-2C6F-468C-82C5-181D653D52BE}
		{286A591B-87C7-49AD-9B0B-9059E603F18C} = {3FF9C610-2C6F-468C-82C5-181D653D52BE}
		{D2945F56-DE24-46E8-839C-A6475695BAA1} = {BF609E94-61F9-44CE-83BD-551AFECA6CAE}
		{3AA64B3B-9EFE-47AB-8F30-C77E5A88EB79} = {3FF9C610-2C6F-468C-82C5-181D653D52BE}
		{C91DD076-6C8F-4ACC-A98C-87B7B55F546B} = {02C18426-CFD4-4758-8809-2E68A2CBA851}
		{154BC9DE-1621-4D77-8869-B6F579C7A74B} = {3FF9C610-2C6F-468C-82C5-181D653D52BE}
		{AD8E0D16-AACB-4080-A801-E25E665CEF29} = {3FF9C610-2C6F-468C-82C5-181D653D52BE}
		{0AE6DBA3-E303-4341-9369-18DDA5E28E0F} = {D7C642C5-5CA5-49BB-A0CB-0D86D62F9F6A}
		{455779E0-572E-439F-AAD9-9EF230A098AC} = {D7C642C5-5CA5-49BB-A0CB-0D86D62F9F6A}
		{C70AB5EA-1337-4B9F-AD91-D5BE0B486C57} = {3FF9C610-2C6F-468C-82C5-181D653D52BE}
		{E6D6A418-9105-46D9-8DC4-86C8CDF57855} = {3FF9C610-2C6F-468C-82C5-181D653D52BE}
		{9EEAC61B-233C-41BB-B3C4-25E9B5A461D0} = {3FF9C610-2C6F-468C-82C5-181D653D52BE}
		{CDB48C7D-89E7-4125-8E54-97F64F688B5A} = {BF609E94-61F9-44CE-83BD-551AFECA6CAE}
		{B7DE6B32-0E3F-48B0-AE52-352DDAC665C1} = {3FF9C610-2C6F-468C-82C5-181D653D52BE}
		{E1BE412B-D71C-49AF-A58A-781567611F87} = {3FF9C610-2C6F-468C-82C5-181D653D52BE}
		{3D7EF572-EFD2-4A04-B1FA-2A13FE0DF4FB} = {BF609E94-61F9-44CE-83BD-551AFECA6CAE}
		{4F977AD2-14A5-4F71-92A0-A35A9D8DEE7A} = {3FF9C610-2C6F-468C-82C5-181D653D52BE}
		{CD60FB17-FCB1-4007-A472-600CCF146137} = {3FF9C610-2C6F-468C-82C5-181D653D52BE}
		{99C34B58-04B6-4B08-8F23-9CF176918400} = {3FF9C610-2C6F-468C-82C5-181D653D52BE}
		{D5165C68-120B-41A3-B2A6-FC8F3043454C} = {02C18426-CFD4-4758-8809-2E68A2CBA851}
		{73D8EAC2-D328-4AAF-AB58-E4D53E985591} = {3FF9C610-2C6F-468C-82C5-181D653D52BE}
		{862235AA-5B86-4CEA-9FDE-71A7B8CE027E} = {02C18426-CFD4-4758-8809-2E68A2CBA851}
		{85463B8A-BC95-42D4-A4E8-1A65C89EB1C8} = {BF609E94-61F9-44CE-83BD-551AFECA6CAE}
		{4FE54830-C236-45BF-A49D-820DD8F57E9F} = {3FF9C610-2C6F-468C-82C5-181D653D52BE}
		{653BD680-F0EB-4796-BEFA-B54C2FB2CC5E} = {BF609E94-61F9-44CE-83BD-551AFECA6CAE}
		{52269595-F995-45E4-AA5C-B13E671AA050} = {3FF9C610-2C6F-468C-82C5-181D653D52BE}
		{62645B73-93A6-463D-8837-B690E29D872B} = {3FF9C610-2C6F-468C-82C5-181D653D52BE}
	EndGlobalSection
	GlobalSection(ExtensibilityGlobals) = postSolution
		SolutionGuid = {E288088E-87DD-44D8-93B7-AE82509363AC}
	EndGlobalSection
EndGlobal
